
Microsoft Visual Studio Solution File, Format Version 12.00
# Visual Studio 14
VisualStudioVersion = 14.0.24720.0
MinimumVisualStudioVersion = 10.0.40219.1
Project("{FAE04EC0-301F-11D3-BF4B-00C04F79EFBC}") = "CatboobGGStream", "CatboobGGStream.csproj", "{6F9AD864-14B4-421C-82F8-3631A5F427ED}"
EndProject
Project("{FAE04EC0-301F-11D3-BF4B-00C04F79EFBC}") = "CatboobLibrary", "CatboobLibrary\CatboobLibrary.csproj", "{C583D5F8-CE9F-479F-AEEE-E1165B111AD6}"
EndProject
Project("{FAE04EC0-301F-11D3-BF4B-00C04F79EFBC}") = "UnitTests", "UnitTests\UnitTests.csproj", "{B3843D79-D4E1-4111-A764-ED97520EC86D}"
EndProject
Global
	GlobalSection(SolutionConfigurationPlatforms) = preSolution
		Debug|Any CPU = Debug|Any CPU
		Debug|ARM = Debug|ARM
		Debug|x64 = Debug|x64
		Debug|x86 = Debug|x86
		Release|Any CPU = Release|Any CPU
		Release|ARM = Release|ARM
		Release|x64 = Release|x64
		Release|x86 = Release|x86
	EndGlobalSection
	GlobalSection(ProjectConfigurationPlatforms) = postSolution
		{6F9AD864-14B4-421C-82F8-3631A5F427ED}.Debug|Any CPU.ActiveCfg = Debug|Any CPU
		{6F9AD864-14B4-421C-82F8-3631A5F427ED}.Debug|Any CPU.Build.0 = Debug|Any CPU
		{6F9AD864-14B4-421C-82F8-3631A5F427ED}.Debug|ARM.ActiveCfg = Debug|Any CPU
		{6F9AD864-14B4-421C-82F8-3631A5F427ED}.Debug|ARM.Build.0 = Debug|Any CPU
		{6F9AD864-14B4-421C-82F8-3631A5F427ED}.Debug|x64.ActiveCfg = Debug|Any CPU
		{6F9AD864-14B4-421C-82F8-3631A5F427ED}.Debug|x64.Build.0 = Debug|Any CPU
		{6F9AD864-14B4-421C-82F8-3631A5F427ED}.Debug|x86.ActiveCfg = Debug|Any CPU
		{6F9AD864-14B4-421C-82F8-3631A5F427ED}.Debug|x86.Build.0 = Debug|Any CPU
		{6F9AD864-14B4-421C-82F8-3631A5F427ED}.Release|Any CPU.ActiveCfg = Release|Any CPU
		{6F9AD864-14B4-421C-82F8-3631A5F427ED}.Release|Any CPU.Build.0 = Release|Any CPU
		{6F9AD864-14B4-421C-82F8-3631A5F427ED}.Release|ARM.ActiveCfg = Release|Any CPU
		{6F9AD864-14B4-421C-82F8-3631A5F427ED}.Release|ARM.Build.0 = Release|Any CPU
		{6F9AD864-14B4-421C-82F8-3631A5F427ED}.Release|x64.ActiveCfg = Release|Any CPU
		{6F9AD864-14B4-421C-82F8-3631A5F427ED}.Release|x64.Build.0 = Release|Any CPU
		{6F9AD864-14B4-421C-82F8-3631A5F427ED}.Release|x86.ActiveCfg = Release|Any CPU
		{6F9AD864-14B4-421C-82F8-3631A5F427ED}.Release|x86.Build.0 = Release|Any CPU
		{C583D5F8-CE9F-479F-AEEE-E1165B111AD6}.Debug|Any CPU.ActiveCfg = Debug|Any CPU
		{C583D5F8-CE9F-479F-AEEE-E1165B111AD6}.Debug|Any CPU.Build.0 = Debug|Any CPU
		{C583D5F8-CE9F-479F-AEEE-E1165B111AD6}.Debug|ARM.ActiveCfg = Debug|Any CPU
		{C583D5F8-CE9F-479F-AEEE-E1165B111AD6}.Debug|ARM.Build.0 = Debug|Any CPU
		{C583D5F8-CE9F-479F-AEEE-E1165B111AD6}.Debug|x64.ActiveCfg = Debug|Any CPU
		{C583D5F8-CE9F-479F-AEEE-E1165B111AD6}.Debug|x64.Build.0 = Debug|Any CPU
		{C583D5F8-CE9F-479F-AEEE-E1165B111AD6}.Debug|x86.ActiveCfg = Debug|Any CPU
		{C583D5F8-CE9F-479F-AEEE-E1165B111AD6}.Debug|x86.Build.0 = Debug|Any CPU
		{C583D5F8-CE9F-479F-AEEE-E1165B111AD6}.Release|Any CPU.ActiveCfg = Release|Any CPU
		{C583D5F8-CE9F-479F-AEEE-E1165B111AD6}.Release|Any CPU.Build.0 = Release|Any CPU
		{C583D5F8-CE9F-479F-AEEE-E1165B111AD6}.Release|ARM.ActiveCfg = Release|Any CPU
		{C583D5F8-CE9F-479F-AEEE-E1165B111AD6}.Release|ARM.Build.0 = Release|Any CPU
		{C583D5F8-CE9F-479F-AEEE-E1165B111AD6}.Release|x64.ActiveCfg = Release|Any CPU
		{C583D5F8-CE9F-479F-AEEE-E1165B111AD6}.Release|x64.Build.0 = Release|Any CPU
		{C583D5F8-CE9F-479F-AEEE-E1165B111AD6}.Release|x86.ActiveCfg = Release|Any CPU
		{C583D5F8-CE9F-479F-AEEE-E1165B111AD6}.Release|x86.Build.0 = Release|Any CPU
		{B3843D79-D4E1-4111-A764-ED97520EC86D}.Debug|Any CPU.ActiveCfg = Debug|Any CPU
		{B3843D79-D4E1-4111-A764-ED97520EC86D}.Debug|Any CPU.Build.0 = Debug|Any CPU
		{B3843D79-D4E1-4111-A764-ED97520EC86D}.Debug|ARM.ActiveCfg = Debug|Any CPU
		{B3843D79-D4E1-4111-A764-ED97520EC86D}.Debug|ARM.Build.0 = Debug|Any CPU
		{B3843D79-D4E1-4111-A764-ED97520EC86D}.Debug|x64.ActiveCfg = Debug|Any CPU
		{B3843D79-D4E1-4111-A764-ED97520EC86D}.Debug|x64.Build.0 = Debug|Any CPU
		{B3843D79-D4E1-4111-A764-ED97520EC86D}.Debug|x86.ActiveCfg = Debug|Any CPU
		{B3843D79-D4E1-4111-A764-ED97520EC86D}.Debug|x86.Build.0 = Debug|Any CPU
		{B3843D79-D4E1-4111-A764-ED97520EC86D}.Release|Any CPU.ActiveCfg = Release|Any CPU
		{B3843D79-D4E1-4111-A764-ED97520EC86D}.Release|Any CPU.Build.0 = Release|Any CPU
		{B3843D79-D4E1-4111-A764-ED97520EC86D}.Release|ARM.ActiveCfg = Release|Any CPU
		{B3843D79-D4E1-4111-A764-ED97520EC86D}.Release|ARM.Build.0 = Release|Any CPU
		{B3843D79-D4E1-4111-A764-ED97520EC86D}.Release|x64.ActiveCfg = Release|Any CPU
		{B3843D79-D4E1-4111-A764-ED97520EC86D}.Release|x64.Build.0 = Release|Any CPU
		{B3843D79-D4E1-4111-A764-ED97520EC86D}.Release|x86.ActiveCfg = Release|Any CPU
		{B3843D79-D4E1-4111-A764-ED97520EC86D}.Release|x86.Build.0 = Release|Any CPU
	EndGlobalSection
	GlobalSection(SolutionProperties) = preSolution
		HideSolutionNode = FALSE
	EndGlobalSection
EndGlobal
